<?xml version="1.0" encoding="utf-8"?>
<Project ToolsVersion="4.0" xmlns="http://schemas.microsoft.com/developer/msbuild/2003">
  <ItemGroup>
    <Filter Include="Source Files">
      <UniqueIdentifier>{4FC737F1-C7A5-4376-A066-2A32D752A2FF}</UniqueIdentifier>
      <Extensions>cpp;c;cc;cxx;def;odl;idl;hpj;bat;asm;asmx</Extensions>
    </Filter>
    <Filter Include="Header Files">
      <UniqueIdentifier>{93995380-89BD-4b04-88EB-625FBE52EBFB}</UniqueIdentifier>
      <Extensions>h;hh;hpp;hxx;hm;inl;inc;ipp;xsd</Extensions>
    </Filter>
    <Filter Include="Resource Files">
      <UniqueIdentifier>{67DA6AB6-F800-4c08-8B7A-83BB121AAD01}</UniqueIdentifier>
      <Extensions>rc;ico;cur;bmp;dlg;rc2;rct;bin;rgs;gif;jpg;jpeg;jpe;resx;tiff;tif;png;wav;mfcribbon-ms</Extensions>
    </Filter>
    <Filter Include="Header Files\States">
      <UniqueIdentifier>{eece5b0d-329a-4a54-9e0b-a0d550409d20}</UniqueIdentifier>
    </Filter>
    <Filter Include="Source Files\States">
      <UniqueIdentifier>{316d736b-8196-4b83-b499-18ad428089dc}</UniqueIdentifier>
    </Filter>
    <Filter Include="Header Files\Utils">
      <UniqueIdentifier>{a6ec4e5c-1887-4c29-b155-87dca023dbfc}</UniqueIdentifier>
    </Filter>
    <Filter Include="Source Files\Utils">
      <UniqueIdentifier>{db68325d-f739-4685-907c-a7919f6dded1}</UniqueIdentifier>
    </Filter>
    <Filter Include="Header Files\Commands">
      <UniqueIdentifier>{db9494c2-e3de-404b-baae-c9aea40f0bb6}</UniqueIdentifier>
    </Filter>
    <Filter Include="Source Files\Commands">
      <UniqueIdentifier>{42912e44-84a4-4e18-890d-050f1374ed3f}</UniqueIdentifier>
    </Filter>
    <Filter Include="Header Files\Players">
      <UniqueIdentifier>{43c45868-bb77-4a9e-b892-854314d980a0}</UniqueIdentifier>
    </Filter>
    <Filter Include="Source Files\Players">
      <UniqueIdentifier>{86b2b9c0-a786-44c2-b670-54c1d97cd5d5}</UniqueIdentifier>
    </Filter>
    <Filter Include="Header Files\Buttons">
      <UniqueIdentifier>{dd32a3c6-a39c-429b-84d4-60bc4e02830d}</UniqueIdentifier>
    </Filter>
    <Filter Include="Source Files\Buttons">
      <UniqueIdentifier>{ec1243a4-4279-4f1f-ad8a-c1562daf10d6}</UniqueIdentifier>
    </Filter>
  </ItemGroup>
  <ItemGroup>
    <ClCompile Include="main.cpp">
      <Filter>Source Files</Filter>
    </ClCompile>
    <ClCompile Include="checkers_game_state.cpp">
      <Filter>Source Files\States</Filter>
    </ClCompile>
    <ClCompile Include="config.cpp">
      <Filter>Source Files\Utils</Filter>
    </ClCompile>
    <ClCompile Include="checker_piece.cpp">
      <Filter>Source Files</Filter>
    </ClCompile>
    <ClCompile Include="checker_square.cpp">
      <Filter>Source Files</Filter>
    </ClCompile>
    <ClCompile Include="main_menu_state.cpp">
      <Filter>Source Files\States</Filter>
    </ClCompile>
    <ClCompile Include="checkers_game_engine.cpp">
      <Filter>Source Files</Filter>
    </ClCompile>
    <ClCompile Include="game_over_state.cpp">
      <Filter>Source Files\States</Filter>
    </ClCompile>
    <ClCompile Include="player_configuration_menu_state.cpp">
      <Filter>Source Files\States</Filter>
    </ClCompile>
    <ClCompile Include="resource_manager.cpp">
      <Filter>Source Files\Utils</Filter>
    </ClCompile>
    <ClCompile Include="move_command.cpp">
      <Filter>Source Files\Commands</Filter>
    </ClCompile>
    <ClCompile Include="checkerboard.cpp">
      <Filter>Source Files\Utils</Filter>
    </ClCompile>
    <ClCompile Include="jump_command.cpp">
      <Filter>Source Files\Commands</Filter>
    </ClCompile>
    <ClCompile Include="player.cpp">
      <Filter>Source Files\Players</Filter>
    </ClCompile>
    <ClCompile Include="human_player.cpp">
      <Filter>Source Files\Players</Filter>
    </ClCompile>
    <ClCompile Include="ai_player.cpp">
      <Filter>Source Files\Players</Filter>
    </ClCompile>
    <ClCompile Include="full_move_command.cpp">
      <Filter>Source Files\Commands</Filter>
    </ClCompile>
    <ClCompile Include="button.cpp">
      <Filter>Source Files\Buttons</Filter>
    </ClCompile>
    <ClCompile Include="toggle_button.cpp">
      <Filter>Source Files\Buttons</Filter>
    </ClCompile>
    <ClCompile Include="toggle_button_group.cpp">
      <Filter>Source Files\Buttons</Filter>
    </ClCompile>
  </ItemGroup>
  <ItemGroup>
    <ClInclude Include="base_state.h">
      <Filter>Header Files\States</Filter>
    </ClInclude>
    <ClInclude Include="checkers_game_state.h">
      <Filter>Header Files\States</Filter>
    </ClInclude>
    <ClInclude Include="config.h">
      <Filter>Header Files\Utils</Filter>
    </ClInclude>
    <ClInclude Include="checker_piece.h">
      <Filter>Header Files</Filter>
    </ClInclude>
    <ClInclude Include="checker_square.h">
      <Filter>Header Files</Filter>
    </ClInclude>
    <ClInclude Include="main_menu_state.h">
      <Filter>Header Files\States</Filter>
    </ClInclude>
    <ClInclude Include="checkers_game_engine.h">
      <Filter>Header Files</Filter>
    </ClInclude>
    <ClInclude Include="game_over_state.h">
      <Filter>Header Files\States</Filter>
    </ClInclude>
    <ClInclude Include="player_configuration_menu_state.h">
      <Filter>Header Files\States</Filter>
    </ClInclude>
    <ClInclude Include="resource_manager.h">
      <Filter>Header Files\Utils</Filter>
    </ClInclude>
    <ClInclude Include="command.h">
      <Filter>Header Files\Commands</Filter>
    </ClInclude>
    <ClInclude Include="move_command.h">
      <Filter>Header Files\Commands</Filter>
    </ClInclude>
    <ClInclude Include="checkerboard.h">
      <Filter>Header Files\Utils</Filter>
    </ClInclude>
    <ClInclude Include="jump_command.h">
      <Filter>Header Files\Commands</Filter>
    </ClInclude>
    <ClInclude Include="player.h">
      <Filter>Header Files\Players</Filter>
    </ClInclude>
    <ClInclude Include="human_player.h">
      <Filter>Header Files\Players</Filter>
    </ClInclude>
    <ClInclude Include="ai_player.h">
      <Filter>Header Files\Players</Filter>
    </ClInclude>
    <ClInclude Include="full_move_command.h">
      <Filter>Header Files\Commands</Filter>
    </ClInclude>
    <ClInclude Include="button.h">
      <Filter>Header Files\Buttons</Filter>
    </ClInclude>
    <ClInclude Include="toggle_button.h">
      <Filter>Header Files\Buttons</Filter>
    </ClInclude>
    <ClInclude Include="toggle_button_group.h">
      <Filter>Header Files\Buttons</Filter>
    </ClInclude>
  </ItemGroup>
</Project>